
Microsoft Visual Studio Solution File, Format Version 12.00
# Visual Studio Version 17
VisualStudioVersion = 17.3.32929.385
MinimumVisualStudioVersion = 10.0.40219.1
Project("{F184B08F-C81C-45F6-A57F-5ABD9991F28F}") = "Task 10 - Simple Loops", "Task 10 - Simple Loops\Task 10 - Simple Loops.vbproj", "{D7E627B4-4F26-40BA-A8A6-F5B34F7A7AED}"
EndProject
Global
	GlobalSection(SolutionConfigurationPlatforms) = preSolution
		Debug|Any CPU = Debug|Any CPU
		Release|Any CPU = Release|Any CPU
	EndGlobalSection
	GlobalSection(ProjectConfigurationPlatforms) = postSolution
		{D7E627B4-4F26-40BA-A8A6-F5B34F7A7AED}.Debug|Any CPU.ActiveCfg = Debug|Any CPU
		{D7E627B4-4F26-40BA-A8A6-F5B34F7A7AED}.Debug|Any CPU.Build.0 = Debug|Any CPU
		{D7E627B4-4F26-40BA-A8A6-F5B34F7A7AED}.Release|Any CPU.ActiveCfg = Release|Any CPU
		{D7E627B4-4F26-40BA-A8A6-F5B34F7A7AED}.Release|Any CPU.Build.0 = Release|Any CPU
	EndGlobalSection
	GlobalSection(SolutionProperties) = preSolution
		HideSolutionNode = FALSE
	EndGlobalSection
	GlobalSection(ExtensibilityGlobals) = postSolution
		SolutionGuid = {5E0EEB74-3970-4AA9-8E51-3B727E9344C5}
	EndGlobalSection
EndGlobal
